Microsoft Visual Studio Solution File, Format Version 12.00
# Visual Studio Version 17
VisualStudioVersion = 17.5.2.0
MinimumVisualStudioVersion = 10.0.40219.1
Project("{2150E333-8FDC-42A3-9474-1A3956D46DE8}") = "Modulo-01-ApiFundamentos", "Modulo-01-ApiFundamentos", "{B98BD42D-9F21-7BDD-E017-1296527091F4}"
EndProject
Project("{FAE04EC0-301F-11D3-BF4B-00C04F79EFBC}") = "ApiFundamentos", "Modulo-01-ApiFundamentos\ApiFundamentos\ApiFundamentos.csproj", "{B92F3DEF-C4C3-6156-A3BA-51147F1F3030}"
EndProject
Global
	GlobalSection(SolutionConfigurationPlatforms) = preSolution
		Debug|Any CPU = Debug|Any CPU
		Release|Any CPU = Release|Any CPU
	EndGlobalSection
	GlobalSection(ProjectConfigurationPlatforms) = postSolution
		{B92F3DEF-C4C3-6156-A3BA-51147F1F3030}.Debug|Any CPU.ActiveCfg = Debug|Any CPU
		{B92F3DEF-C4C3-6156-A3BA-51147F1F3030}.Debug|Any CPU.Build.0 = Debug|Any CPU
		{B92F3DEF-C4C3-6156-A3BA-51147F1F3030}.Release|Any CPU.ActiveCfg = Release|Any CPU
		{B92F3DEF-C4C3-6156-A3BA-51147F1F3030}.Release|Any CPU.Build.0 = Release|Any CPU
	EndGlobalSection
	GlobalSection(SolutionProperties) = preSolution
		HideSolutionNode = FALSE
	EndGlobalSection
	GlobalSection(NestedProjects) = preSolution
		{B92F3DEF-C4C3-6156-A3BA-51147F1F3030} = {B98BD42D-9F21-7BDD-E017-1296527091F4}
	EndGlobalSection
	GlobalSection(ExtensibilityGlobals) = postSolution
		SolutionGuid = {8C402AE0-1AAF-4B52-AE59-799CA2FA427E}
	EndGlobalSection
EndGlobal
